// !$*UTF8*$!
{
	archiveVersion = 1;
	classes = {
	};
	objectVersion = 55;
	objects = {

/* Begin PBXBuildFile section */
		DB42E55829F2EBA4009119E5 /* LoginViewController.swift in Sources */ = {isa = PBXBuildFile; fileRef = DB42E55629F2EBA4009119E5 /* LoginViewController.swift */; };
		DB42E55929F2EBA4009119E5 /* LoginViewController.xib in Resources */ = {isa = PBXBuildFile; fileRef = DB42E55729F2EBA4009119E5 /* LoginViewController.xib */; };
		DB875CA629F2D0F2006351D8 /* GetStartedViewController.swift in Sources */ = {isa = PBXBuildFile; fileRef = DB875CA429F2D0F2006351D8 /* GetStartedViewController.swift */; };
		DB875CA729F2D0F2006351D8 /* GetStartedViewController.xib in Resources */ = {isa = PBXBuildFile; fileRef = DB875CA529F2D0F2006351D8 /* GetStartedViewController.xib */; };
		DBA27DBE29F17FD800C3ED68 /* AppDelegate.swift in Sources */ = {isa = PBXBuildFile; fileRef = DBA27DBD29F17FD800C3ED68 /* AppDelegate.swift */; };
		DBA27DC029F17FD800C3ED68 /* SceneDelegate.swift in Sources */ = {isa = PBXBuildFile; fileRef = DBA27DBF29F17FD800C3ED68 /* SceneDelegate.swift */; };
		DBA27DC229F17FD800C3ED68 /* ViewController.swift in Sources */ = {isa = PBXBuildFile; fileRef = DBA27DC129F17FD800C3ED68 /* ViewController.swift */; };
		DBA27DC529F17FD800C3ED68 /* Main.storyboard in Resources */ = {isa = PBXBuildFile; fileRef = DBA27DC329F17FD800C3ED68 /* Main.storyboard */; };
		DBA27DC729F17FDA00C3ED68 /* Assets.xcassets in Resources */ = {isa = PBXBuildFile; fileRef = DBA27DC629F17FDA00C3ED68 /* Assets.xcassets */; };
		DBA27DCA29F17FDA00C3ED68 /* LaunchScreen.storyboard in Resources */ = {isa = PBXBuildFile; fileRef = DBA27DC829F17FDA00C3ED68 /* LaunchScreen.storyboard */; };
		DBA9674A29F41AF8004676CE /* HistoryViewController.swift in Sources */ = {isa = PBXBuildFile; fileRef = DBA9674829F41AF8004676CE /* HistoryViewController.swift */; };
		DBA9674B29F41AF8004676CE /* HistoryViewController.xib in Resources */ = {isa = PBXBuildFile; fileRef = DBA9674929F41AF8004676CE /* HistoryViewController.xib */; };
		DBA9674F29F4402D004676CE /* HomeViewController.swift in Sources */ = {isa = PBXBuildFile; fileRef = DBA9674D29F4402D004676CE /* HomeViewController.swift */; };
		DBA9675029F4402D004676CE /* HomeViewController.xib in Resources */ = {isa = PBXBuildFile; fileRef = DBA9674E29F4402D004676CE /* HomeViewController.xib */; };
/* End PBXBuildFile section */

/* Begin PBXFileReference section */
		DB42E55629F2EBA4009119E5 /* LoginViewController.swift */ = {isa = PBXFileReference; lastKnownFileType = sourcecode.swift; path = LoginViewController.swift; sourceTree = "<group>"; };
		DB42E55729F2EBA4009119E5 /* LoginViewController.xib */ = {isa = PBXFileReference; lastKnownFileType = file.xib; path = LoginViewController.xib; sourceTree = "<group>"; };
		DB875CA429F2D0F2006351D8 /* GetStartedViewController.swift */ = {isa = PBXFileReference; lastKnownFileType = sourcecode.swift; path = GetStartedViewController.swift; sourceTree = "<group>"; };
		DB875CA529F2D0F2006351D8 /* GetStartedViewController.xib */ = {isa = PBXFileReference; lastKnownFileType = file.xib; path = GetStartedViewController.xib; sourceTree = "<group>"; };
		DBA27DBA29F17FD800C3ED68 /* food_app.app */ = {isa = PBXFileReference; explicitFileType = wrapper.application; includeInIndex = 0; path = food_app.app; sourceTree = BUILT_PRODUCTS_DIR; };
		DBA27DBD29F17FD800C3ED68 /* AppDelegate.swift */ = {isa = PBXFileReference; lastKnownFileType = sourcecode.swift; path = AppDelegate.swift; sourceTree = "<group>"; };
		DBA27DBF29F17FD800C3ED68 /* SceneDelegate.swift */ = {isa = PBXFileReference; lastKnownFileType = sourcecode.swift; path = SceneDelegate.swift; sourceTree = "<group>"; };
		DBA27DC129F17FD800C3ED68 /* ViewController.swift */ = {isa = PBXFileReference; lastKnownFileType = sourcecode.swift; path = ViewController.swift; sourceTree = "<group>"; };
		DBA27DC429F17FD800C3ED68 /* Base */ = {isa = PBXFileReference; lastKnownFileType = file.storyboard; name = Base; path = Base.lproj/Main.storyboard; sourceTree = "<group>"; };
		DBA27DC629F17FDA00C3ED68 /* Assets.xcassets */ = {isa = PBXFileReference; lastKnownFileType = folder.assetcatalog; path = Assets.xcassets; sourceTree = "<group>"; };
		DBA27DC929F17FDA00C3ED68 /* Base */ = {isa = PBXFileReference; lastKnownFileType = file.storyboard; name = Base; path = Base.lproj/LaunchScreen.storyboard; sourceTree = "<group>"; };
		DBA27DCB29F17FDA00C3ED68 /* Info.plist */ = {isa = PBXFileReference; lastKnownFileType = text.plist.xml; path = Info.plist; sourceTree = "<group>"; };
		DBA9674829F41AF8004676CE /* HistoryViewController.swift */ = {isa = PBXFileReference; lastKnownFileType = sourcecode.swift; path = HistoryViewController.swift; sourceTree = "<group>"; };
		DBA9674929F41AF8004676CE /* HistoryViewController.xib */ = {isa = PBXFileReference; lastKnownFileType = file.xib; path = HistoryViewController.xib; sourceTree = "<group>"; };
		DBA9674D29F4402D004676CE /* HomeViewController.swift */ = {isa = PBXFileReference; lastKnownFileType = sourcecode.swift; path = HomeViewController.swift; sourceTree = "<group>"; };
		DBA9674E29F4402D004676CE /* HomeViewController.xib */ = {isa = PBXFileReference; lastKnownFileType = file.xib; path = HomeViewController.xib; sourceTree = "<group>"; };
/* End PBXFileReference section */

/* Begin PBXFrameworksBuildPhase section */
		DBA27DB729F17FD800C3ED68 /* Frameworks */ = {
			isa = PBXFrameworksBuildPhase;
			buildActionMask = 2147483647;
			files = (
			);
			runOnlyForDeploymentPostprocessing = 0;
		};
/* End PBXFrameworksBuildPhase section */

/* Begin PBXGroup section */
		DB42E55529F2EB68009119E5 /* LoginVC */ = {
			isa = PBXGroup;
			children = (
				DB42E55629F2EBA4009119E5 /* LoginViewController.swift */,
				DB42E55729F2EBA4009119E5 /* LoginViewController.xib */,
			);
			path = LoginVC;
			sourceTree = "<group>";
		};
		DB875CA129F2D08E006351D8 /* ViewModel */ = {
			isa = PBXGroup;
			children = (
			);
			path = ViewModel;
			sourceTree = "<group>";
		};
		DB875CA229F2D0A3006351D8 /* Model */ = {
			isa = PBXGroup;
			children = (
			);
			path = Model;
			sourceTree = "<group>";
		};
		DB875CA329F2D0AE006351D8 /* GetStartedVC */ = {
			isa = PBXGroup;
			children = (
				DB875CA429F2D0F2006351D8 /* GetStartedViewController.swift */,
				DB875CA529F2D0F2006351D8 /* GetStartedViewController.xib */,
			);
			path = GetStartedVC;
			sourceTree = "<group>";
		};
		DBA27DB129F17FD800C3ED68 = {
			isa = PBXGroup;
			children = (
				DBA27DBC29F17FD800C3ED68 /* food_app */,
				DBA27DBB29F17FD800C3ED68 /* Products */,
			);
			sourceTree = "<group>";
		};
		DBA27DBB29F17FD800C3ED68 /* Products */ = {
			isa = PBXGroup;
			children = (
				DBA27DBA29F17FD800C3ED68 /* food_app.app */,
			);
			name = Products;
			sourceTree = "<group>";
		};
		DBA27DBC29F17FD800C3ED68 /* food_app */ = {
			isa = PBXGroup;
			children = (
				DB875CA229F2D0A3006351D8 /* Model */,
				DB875CA129F2D08E006351D8 /* ViewModel */,
				DBA27DD129F1800D00C3ED68 /* ViewController */,
				DBA27DBD29F17FD800C3ED68 /* AppDelegate.swift */,
				DBA27DBF29F17FD800C3ED68 /* SceneDelegate.swift */,
				DBA27DC129F17FD800C3ED68 /* ViewController.swift */,
				DBA27DC329F17FD800C3ED68 /* Main.storyboard */,
				DBA27DC629F17FDA00C3ED68 /* Assets.xcassets */,
				DBA27DC829F17FDA00C3ED68 /* LaunchScreen.storyboard */,
				DBA27DCB29F17FDA00C3ED68 /* Info.plist */,
			);
			path = food_app;
			sourceTree = "<group>";
		};
		DBA27DD129F1800D00C3ED68 /* ViewController */ = {
			isa = PBXGroup;
			children = (
				DBA9674C29F4400E004676CE /* HomeVC */,
				DBA9674729F41AD0004676CE /* HistoryVC */,
				DB42E55529F2EB68009119E5 /* LoginVC */,
				DB875CA329F2D0AE006351D8 /* GetStartedVC */,
			);
			path = ViewController;
			sourceTree = "<group>";
		};
		DBA9674729F41AD0004676CE /* HistoryVC */ = {
			isa = PBXGroup;
			children = (
				DBA9674829F41AF8004676CE /* HistoryViewController.swift */,
				DBA9674929F41AF8004676CE /* HistoryViewController.xib */,
			);
			path = HistoryVC;
			sourceTree = "<group>";
		};
		DBA9674C29F4400E004676CE /* HomeVC */ = {
			isa = PBXGroup;
			children = (
				DBA9674D29F4402D004676CE /* HomeViewController.swift */,
				DBA9674E29F4402D004676CE /* HomeViewController.xib */,
			);
			path = HomeVC;
			sourceTree = "<group>";
		};
/* End PBXGroup section */

/* Begin PBXNativeTarget section */
		DBA27DB929F17FD800C3ED68 /* food_app */ = {
			isa = PBXNativeTarget;
			buildConfigurationList = DBA27DCE29F17FDA00C3ED68 /* Build configuration list for PBXNativeTarget "food_app" */;
			buildPhases = (
				DBA27DB629F17FD800C3ED68 /* Sources */,
				DBA27DB729F17FD800C3ED68 /* Frameworks */,
				DBA27DB829F17FD800C3ED68 /* Resources */,
			);
			buildRules = (
			);
			dependencies = (
			);
			name = food_app;
			productName = food_app;
			productReference = DBA27DBA29F17FD800C3ED68 /* food_app.app */;
			productType = "com.apple.product-type.application";
		};
/* End PBXNativeTarget section */

/* Begin PBXProject section */
		DBA27DB229F17FD800C3ED68 /* Project object */ = {
			isa = PBXProject;
			attributes = {
				BuildIndependentTargetsInParallel = 1;
				LastSwiftUpdateCheck = 1340;
				LastUpgradeCheck = 1340;
				TargetAttributes = {
					DBA27DB929F17FD800C3ED68 = {
						CreatedOnToolsVersion = 13.4.1;
					};
				};
			};
			buildConfigurationList = DBA27DB529F17FD800C3ED68 /* Build configuration list for PBXProject "food_app" */;
			compatibilityVersion = "Xcode 13.0";
			developmentRegion = en;
			hasScannedForEncodings = 0;
			knownRegions = (
				en,
				Base,
			);
			mainGroup = DBA27DB129F17FD800C3ED68;
			productRefGroup = DBA27DBB29F17FD800C3ED68 /* Products */;
			projectDirPath = "";
			projectRoot = "";
			targets = (
				DBA27DB929F17FD800C3ED68 /* food_app */,
			);
		};
/* End PBXProject section */

/* Begin PBXResourcesBuildPhase section */
		DBA27DB829F17FD800C3ED68 /* Resources */ = {
			isa = PBXResourcesBuildPhase;
			buildActionMask = 2147483647;
			files = (
				DB42E55929F2EBA4009119E5 /* LoginViewController.xib in Resources */,
				DBA27DCA29F17FDA00C3ED68 /* LaunchScreen.storyboard in Resources */,
				DBA27DC729F17FDA00C3ED68 /* Assets.xcassets in Resources */,
				DB875CA729F2D0F2006351D8 /* GetStartedViewController.xib in Resources */,
				DBA27DC529F17FD800C3ED68 /* Main.storyboard in Resources */,
				DBA9675029F4402D004676CE /* HomeViewController.xib in Resources */,
				DBA9674B29F41AF8004676CE /* HistoryViewController.xib in Resources */,
			);
			runOnlyForDeploymentPostprocessing = 0;
		};
/* End PBXResourcesBuildPhase section */

/* Begin PBXSourcesBuildPhase section */
		DBA27DB629F17FD800C3ED68 /* Sources */ = {
			isa = PBXSourcesBuildPhase;
			buildActionMask = 2147483647;
			files = (
				DB875CA629F2D0F2006351D8 /* GetStartedViewController.swift in Sources */,
				DBA27DC229F17FD800C3ED68 /* ViewController.swift in Sources */,
				DBA27DBE29F17FD800C3ED68 /* AppDelegate.swift in Sources */,
				DBA9674A29F41AF8004676CE /* HistoryViewController.swift in Sources */,
				DB42E55829F2EBA4009119E5 /* LoginViewController.swift in Sources */,
				DBA9674F29F4402D004676CE /* HomeViewController.swift in Sources */,
				DBA27DC029F17FD800C3ED68 /* SceneDelegate.swift in Sources */,
			);
			runOnlyForDeploymentPostprocessing = 0;
		};
/* End PBXSourcesBuildPhase section */

/* Begin PBXVariantGroup section */
		DBA27DC329F17FD800C3ED68 /* Main.storyboard */ = {
			isa = PBXVariantGroup;
			children = (
				DBA27DC429F17FD800C3ED68 /* Base */,
			);
			name = Main.storyboard;
			sourceTree = "<group>";
		};
		DBA27DC829F17FDA00C3ED68 /* LaunchScreen.storyboard */ = {
			isa = PBXVariantGroup;
			children = (
				DBA27DC929F17FDA00C3ED68 /* Base */,
			);
			name = LaunchScreen.storyboard;
			sourceTree = "<group>";
		};
/* End PBXVariantGroup section */

/* Begin XCBuildConfiguration section */
		DBA27DCC29F17FDA00C3ED68 /* Debug */ = {
			isa = XCBuildConfiguration;
			buildSettings = {
				ALWAYS_SEARCH_USER_PATHS = NO;
				CLANG_ANALYZER_NONNULL = YES;
				CLANG_ANALYZER_NUMBER_OBJECT_CONVERSION = YES_AGGRESSIVE;
				CLANG_CXX_LANGUAGE_STANDARD = "gnu++17";
				CLANG_ENABLE_MODULES = YES;
				CLANG_ENABLE_OBJC_ARC = YES;
				CLANG_ENABLE_OBJC_WEAK = YES;
				CLANG_WARN_BLOCK_CAPTURE_AUTORELEASING = YES;
				CLANG_WARN_BOOL_CONVERSION = YES;
				CLANG_WARN_COMMA = YES;
				CLANG_WARN_CONSTANT_CONVERSION = YES;
				CLANG_WARN_DEPRECATED_OBJC_IMPLEMENTATIONS = YES;
				CLANG_WARN_DIRECT_OBJC_ISA_USAGE = YES_ERROR;
				CLANG_WARN_DOCUMENTATION_COMMENTS = YES;
				CLANG_WARN_EMPTY_BODY = YES;
				CLANG_WARN_ENUM_CONVERSION = YES;
				CLANG_WARN_INFINITE_RECURSION = YES;
				CLANG_WARN_INT_CONVERSION = YES;
				CLANG_WARN_NON_LITERAL_NULL_CONVERSION = YES;
				CLANG_WARN_OBJC_IMPLICIT_RETAIN_SELF = YES;
				CLANG_WARN_OBJC_LITERAL_CONVERSION = YES;
				CLANG_WARN_OBJC_ROOT_CLASS = YES_ERROR;
				CLANG_WARN_QUOTED_INCLUDE_IN_FRAMEWORK_HEADER = YES;
				CLANG_WARN_RANGE_LOOP_ANALYSIS = YES;
				CLANG_WARN_STRICT_PROTOTYPES = YES;
				CLANG_WARN_SUSPICIOUS_MOVE = YES;
				CLANG_WARN_UNGUARDED_AVAILABILITY = YES_AGGRESSIVE;
				CLANG_WARN_UNREACHABLE_CODE = YES;
				CLANG_WARN__DUPLICATE_METHOD_MATCH = YES;
				COPY_PHASE_STRIP = NO;
				DEBUG_INFORMATION_FORMAT = dwarf;
				ENABLE_STRICT_OBJC_MSGSEND = YES;
				ENABLE_TESTABILITY = YES;
				GCC_C_LANGUAGE_STANDARD = gnu11;
				GCC_DYNAMIC_NO_PIC = NO;
				GCC_NO_COMMON_BLOCKS = YES;
				GCC_OPTIMIZATION_LEVEL = 0;
				GCC_PREPROCESSOR_DEFINITIONS = (
					"DEBUG=1",
					"$(inherited)",
				);
				GCC_WARN_64_TO_32_BIT_CONVERSION = YES;
				GCC_WARN_ABOUT_RETURN_TYPE = YES_ERROR;
				GCC_WARN_UNDECLARED_SELECTOR = YES;
				GCC_WARN_UNINITIALIZED_AUTOS = YES_AGGRESSIVE;
				GCC_WARN_UNUSED_FUNCTION = YES;
				GCC_WARN_UNUSED_VARIABLE = YES;
				IPHONEOS_DEPLOYMENT_TARGET = 15.5;
				MTL_ENABLE_DEBUG_INFO = INCLUDE_SOURCE;
				MTL_FAST_MATH = YES;
				ONLY_ACTIVE_ARCH = YES;
				SDKROOT = iphoneos;
				SWIFT_ACTIVE_COMPILATION_CONDITIONS = DEBUG;
				SWIFT_OPTIMIZATION_LEVEL = "-Onone";
			};
			name = Debug;
		};
		DBA27DCD29F17FDA00C3ED68 /* Release */ = {
			isa = XCBuildConfiguration;
			buildSettings = {
				ALWAYS_SEARCH_USER_PATHS = NO;
				CLANG_ANALYZER_NONNULL = YES;
				CLANG_ANALYZER_NUMBER_OBJECT_CONVERSION = YES_AGGRESSIVE;
				CLANG_CXX_LANGUAGE_STANDARD = "gnu++17";
				CLANG_ENABLE_MODULES = YES;
				CLANG_ENABLE_OBJC_ARC = YES;
				CLANG_ENABLE_OBJC_WEAK = YES;
				CLANG_WARN_BLOCK_CAPTURE_AUTORELEASING = YES;
				CLANG_WARN_BOOL_CONVERSION = YES;
				CLANG_WARN_COMMA = YES;
				CLANG_WARN_CONSTANT_CONVERSION = YES;
				CLANG_WARN_DEPRECATED_OBJC_IMPLEMENTATIONS = YES;
				CLANG_WARN_DIRECT_OBJC_ISA_USAGE = YES_ERROR;
				CLANG_WARN_DOCUMENTATION_COMMENTS = YES;
				CLANG_WARN_EMPTY_BODY = YES;
				CLANG_WARN_ENUM_CONVERSION = YES;
				CLANG_WARN_INFINITE_RECURSION = YES;
				CLANG_WARN_INT_CONVERSION = YES;
				CLANG_WARN_NON_LITERAL_NULL_CONVERSION = YES;
				CLANG_WARN_OBJC_IMPLICIT_RETAIN_SELF = YES;
				CLANG_WARN_OBJC_LITERAL_CONVERSION = YES;
				CLANG_WARN_OBJC_ROOT_CLASS = YES_ERROR;
				CLANG_WARN_QUOTED_INCLUDE_IN_FRAMEWORK_HEADER = YES;
				CLANG_WARN_RANGE_LOOP_ANALYSIS = YES;
				CLANG_WARN_STRICT_PROTOTYPES = YES;
				CLANG_WARN_SUSPICIOUS_MOVE = YES;
				CLANG_WARN_UNGUARDED_AVAILABILITY = YES_AGGRESSIVE;
				CLANG_WARN_UNREACHABLE_CODE = YES;
				CLANG_WARN__DUPLICATE_METHOD_MATCH = YES;
				COPY_PHASE_STRIP = NO;
				DEBUG_INFORMATION_FORMAT = "dwarf-with-dsym";
				ENABLE_NS_ASSERTIONS = NO;
				ENABLE_STRICT_OBJC_MSGSEND = YES;
				GCC_C_LANGUAGE_STANDARD = gnu11;
				GCC_NO_COMMON_BLOCKS = YES;
				GCC_WARN_64_TO_32_BIT_CONVERSION = YES;
				GCC_WARN_ABOUT_RETURN_TYPE = YES_ERROR;
				GCC_WARN_UNDECLARED_SELECTOR = YES;
				GCC_WARN_UNINITIALIZED_AUTOS = YES_AGGRESSIVE;
				GCC_WARN_UNUSED_FUNCTION = YES;
				GCC_WARN_UNUSED_VARIABLE = YES;
				IPHONEOS_DEPLOYMENT_TARGET = 15.5;
				MTL_ENABLE_DEBUG_INFO = NO;
				MTL_FAST_MATH = YES;
				SDKROOT = iphoneos;
				SWIFT_COMPILATION_MODE = wholemodule;
				SWIFT_OPTIMIZATION_LEVEL = "-O";
				VALIDATE_PRODUCT = YES;
			};
			name = Release;
		};
		DBA27DCF29F17FDA00C3ED68 /* Debug */ = {
			isa = XCBuildConfiguration;
			buildSettings = {
				ASSETCATALOG_COMPILER_APPICON_NAME = AppIcon;
				ASSETCATALOG_COMPILER_GLOBAL_ACCENT_COLOR_NAME = AccentColor;
				CODE_SIGN_STYLE = Automatic;
				CURRENT_PROJECT_VERSION = 1;
				DEVELOPMENT_TEAM = C575D4X2BC;
				GENERATE_INFOPLIST_FILE = YES;
				INFOPLIST_FILE = food_app/Info.plist;
				INFOPLIST_KEY_CFBundleDisplayName = "Food App";
				INFOPLIST_KEY_UIApplicationSupportsIndirectInputEvents = YES;
				INFOPLIST_KEY_UILaunchStoryboardName = LaunchScreen;
				INFOPLIST_KEY_UIMainStoryboardFile = Main;
				INFOPLIST_KEY_UISupportedInterfaceOrientations = "UIInterfaceOrientationPortrait UIInterfaceOrientationPortraitUpsideDown UIInterfaceOrientationLandscapeLeft UIInterfaceOrientationLandscapeRight";
				INFOPLIST_KEY_UISupportedInterfaceOrientations_iPad = "UIInterfaceOrientationPortrait UIInterfaceOrientationPortraitUpsideDown UIInterfaceOrientationLandscapeLeft UIInterfaceOrientationLandscapeRight";
				INFOPLIST_KEY_UISupportedInterfaceOrientations_iPhone = "UIInterfaceOrientationPortrait UIInterfaceOrientationLandscapeLeft UIInterfaceOrientationLandscapeRight";
				IPHONEOS_DEPLOYMENT_TARGET = 13.1;
				LD_RUNPATH_SEARCH_PATHS = (
					"$(inherited)",
					"@executable_path/Frameworks",
				);
				MARKETING_VERSION = 1.0;
				PRODUCT_BUNDLE_IDENTIFIER = "com.dungnd07.food-app";
				PRODUCT_NAME = "$(TARGET_NAME)";
				SWIFT_EMIT_LOC_STRINGS = YES;
				SWIFT_VERSION = 5.0;
				TARGETED_DEVICE_FAMILY = "1,2";
			};
			name = Debug;
		};
		DBA27DD029F17FDA00C3ED68 /* Release */ = {
			isa = XCBuildConfiguration;
			buildSettings = {
				ASSETCATALOG_COMPILER_APPICON_NAME = AppIcon;
				ASSETCATALOG_COMPILER_GLOBAL_ACCENT_COLOR_NAME = AccentColor;
				CODE_SIGN_STYLE = Automatic;
				CURRENT_PROJECT_VERSION = 1;
				DEVELOPMENT_TEAM = C575D4X2BC;
				GENERATE_INFOPLIST_FILE = YES;
				INFOPLIST_FILE = food_app/Info.plist;
				INFOPLIST_KEY_CFBundleDisplayName = "Food App";
				INFOPLIST_KEY_UIApplicationSupportsIndirectInputEvents = YES;
				INFOPLIST_KEY_UILaunchStoryboardName = LaunchScreen;
				INFOPLIST_KEY_UIMainStoryboardFile = Main;
				INFOPLIST_KEY_UISupportedInterfaceOrientations = "UIInterfaceOrientationPortrait UIInterfaceOrientationPortraitUpsideDown UIInterfaceOrientationLandscapeLeft UIInterfaceOrientationLandscapeRight";
				INFOPLIST_KEY_UISupportedInterfaceOrientations_iPad = "UIInterfaceOrientationPortrait UIInterfaceOrientationPortraitUpsideDown UIInterfaceOrientationLandscapeLeft UIInterfaceOrientationLandscapeRight";
				INFOPLIST_KEY_UISupportedInterfaceOrientations_iPhone = "UIInterfaceOrientationPortrait UIInterfaceOrientationLandscapeLeft UIInterfaceOrientationLandscapeRight";
				IPHONEOS_DEPLOYMENT_TARGET = 13.1;
				LD_RUNPATH_SEARCH_PATHS = (
					"$(inherited)",
					"@executable_path/Frameworks",
				);
				MARKETING_VERSION = 1.0;
				PRODUCT_BUNDLE_IDENTIFIER = "com.dungnd07.food-app";
				PRODUCT_NAME = "$(TARGET_NAME)";
				SWIFT_EMIT_LOC_STRINGS = YES;
				SWIFT_VERSION = 5.0;
				TARGETED_DEVICE_FAMILY = "1,2";
			};
			name = Release;
		};
/* End XCBuildConfiguration section */

/* Begin XCConfigurationList section */
		DBA27DB529F17FD800C3ED68 /* Build configuration list for PBXProject "food_app" */ = {
			isa = XCConfigurationList;
			buildConfigurations = (
				DBA27DCC29F17FDA00C3ED68 /* Debug */,
				DBA27DCD29F17FDA00C3ED68 /* Release */,
			);
			defaultConfigurationIsVisible = 0;
			defaultConfigurationName = Release;
		};
		DBA27DCE29F17FDA00C3ED68 /* Build configuration list for PBXNativeTarget "food_app" */ = {
			isa = XCConfigurationList;
			buildConfigurations = (
				DBA27DCF29F17FDA00C3ED68 /* Debug */,
				DBA27DD029F17FDA00C3ED68 /* Release */,
			);
			defaultConfigurationIsVisible = 0;
			defaultConfigurationName = Release;
		};
/* End XCConfigurationList section */
	};
	rootObject = DBA27DB229F17FD800C3ED68 /* Project object */;
}
